
Microsoft Visual Studio Solution File, Format Version 12.00
# Visual Studio Version 16
VisualStudioVersion = 16.0.35229.62
MinimumVisualStudioVersion = 10.0.40219.1
Project("{FAE04EC0-301F-11D3-BF4B-00C04F79EFBC}") = "Zork", "Zork\Zork.csproj", "{2BE4B0F6-39AB-4428-B53C-98723DB8F8BE}"
EndProject
Global
	GlobalSection(SolutionConfigurationPlatforms) = preSolution
		Debug|Any CPU = Debug|Any CPU
		Release|Any CPU = Release|Any CPU
	EndGlobalSection
	GlobalSection(ProjectConfigurationPlatforms) = postSolution
		{2BE4B0F6-39AB-4428-B53C-98723DB8F8BE}.Debug|Any CPU.ActiveCfg = Debug|Any CPU
		{2BE4B0F6-39AB-4428-B53C-98723DB8F8BE}.Debug|Any CPU.Build.0 = Debug|Any CPU
		{2BE4B0F6-39AB-4428-B53C-98723DB8F8BE}.Release|Any CPU.ActiveCfg = Release|Any CPU
		{2BE4B0F6-39AB-4428-B53C-98723DB8F8BE}.Release|Any CPU.Build.0 = Release|Any CPU
	EndGlobalSection
	GlobalSection(SolutionProperties) = preSolution
		HideSolutionNode = FALSE
	EndGlobalSection
	GlobalSection(ExtensibilityGlobals) = postSolution
		SolutionGuid = {1B893E21-E160-4633-8AEF-C7FE7E13B8F4}
	EndGlobalSection
EndGlobal
